
Microsoft Visual Studio Solution File, Format Version 11.00
# Visual Studio 2010
# SharpDevelop 5.1
Project("{FAE04EC0-301F-11D3-BF4B-00C04F79EFBC}") = "ListEx19", "ListEx19\ListEx19.csproj", "{DFDA74A8-B114-4F10-BCED-959C4071F10B}"
EndProject
Global
	GlobalSection(SolutionConfigurationPlatforms) = preSolution
		Debug|Any CPU = Debug|Any CPU
		Release|Any CPU = Release|Any CPU
	EndGlobalSection
	GlobalSection(ProjectConfigurationPlatforms) = postSolution
		{DFDA74A8-B114-4F10-BCED-959C4071F10B}.Debug|Any CPU.ActiveCfg = Debug|Any CPU
		{DFDA74A8-B114-4F10-BCED-959C4071F10B}.Debug|Any CPU.Build.0 = Debug|Any CPU
		{DFDA74A8-B114-4F10-BCED-959C4071F10B}.Release|Any CPU.ActiveCfg = Release|Any CPU
		{DFDA74A8-B114-4F10-BCED-959C4071F10B}.Release|Any CPU.Build.0 = Release|Any CPU
	EndGlobalSection
EndGlobal
