
Microsoft Visual Studio Solution File, Format Version 11.00
# Visual Studio 2010
# SharpDevelop 5.1
Project("{FAE04EC0-301F-11D3-BF4B-00C04F79EFBC}") = "ListEx6", "ListEx6.csproj", "{F7078EC7-298B-4AC4-A922-BCA10743BC1E}"
EndProject
Global
	GlobalSection(SolutionConfigurationPlatforms) = preSolution
		Debug|Any CPU = Debug|Any CPU
		Release|Any CPU = Release|Any CPU
	EndGlobalSection
	GlobalSection(ProjectConfigurationPlatforms) = postSolution
		{F7078EC7-298B-4AC4-A922-BCA10743BC1E}.Debug|Any CPU.ActiveCfg = Debug|Any CPU
		{F7078EC7-298B-4AC4-A922-BCA10743BC1E}.Debug|Any CPU.Build.0 = Debug|Any CPU
		{F7078EC7-298B-4AC4-A922-BCA10743BC1E}.Release|Any CPU.ActiveCfg = Release|Any CPU
		{F7078EC7-298B-4AC4-A922-BCA10743BC1E}.Release|Any CPU.Build.0 = Release|Any CPU
	EndGlobalSection
EndGlobal
