
Microsoft Visual Studio Solution File, Format Version 11.00
# Visual Studio 2010
# SharpDevelop 5.1
Project("{FAE04EC0-301F-11D3-BF4B-00C04F79EFBC}") = "ListEx9v2", "ListEx9v2\ListEx9v2.csproj", "{53C7D9FD-1BC0-48AA-B00C-C0E1A4A48E47}"
EndProject
Global
	GlobalSection(SolutionConfigurationPlatforms) = preSolution
		Debug|Any CPU = Debug|Any CPU
		Release|Any CPU = Release|Any CPU
	EndGlobalSection
	GlobalSection(ProjectConfigurationPlatforms) = postSolution
		{53C7D9FD-1BC0-48AA-B00C-C0E1A4A48E47}.Debug|Any CPU.ActiveCfg = Debug|Any CPU
		{53C7D9FD-1BC0-48AA-B00C-C0E1A4A48E47}.Debug|Any CPU.Build.0 = Debug|Any CPU
		{53C7D9FD-1BC0-48AA-B00C-C0E1A4A48E47}.Release|Any CPU.ActiveCfg = Release|Any CPU
		{53C7D9FD-1BC0-48AA-B00C-C0E1A4A48E47}.Release|Any CPU.Build.0 = Release|Any CPU
	EndGlobalSection
EndGlobal
